
Microsoft Visual Studio Solution File, Format Version 12.00
# Visual Studio Version 16
VisualStudioVersion = 16.0.29123.88
MinimumVisualStudioVersion = 10.0.40219.1
Project("{FAE04EC0-301F-11D3-BF4B-00C04F79EFBC}") = "A", "IssueDemo\A.csproj", "{B272AA07-F99E-4940-9FEF-6023E1536F2E}"
EndProject
Project("{FAE04EC0-301F-11D3-BF4B-00C04F79EFBC}") = "B", "B\B.csproj", "{D548955C-A963-4A92-BA34-C139CB84164A}"
EndProject
Project("{FAE04EC0-301F-11D3-BF4B-00C04F79EFBC}") = "C", "C\C.csproj", "{94E4D0BF-A8CE-495E-A5AD-C2A2D9239AD2}"
EndProject
Global
	GlobalSection(SolutionConfigurationPlatforms) = preSolution
		Debug|Any CPU = Debug|Any CPU
		Release|Any CPU = Release|Any CPU
	EndGlobalSection
	GlobalSection(ProjectConfigurationPlatforms) = postSolution
		{B272AA07-F99E-4940-9FEF-6023E1536F2E}.Debug|Any CPU.ActiveCfg = Debug|Any CPU
		{B272AA07-F99E-4940-9FEF-6023E1536F2E}.Debug|Any CPU.Build.0 = Debug|Any CPU
		{B272AA07-F99E-4940-9FEF-6023E1536F2E}.Release|Any CPU.ActiveCfg = Release|Any CPU
		{B272AA07-F99E-4940-9FEF-6023E1536F2E}.Release|Any CPU.Build.0 = Release|Any CPU
		{D548955C-A963-4A92-BA34-C139CB84164A}.Debug|Any CPU.ActiveCfg = Debug|Any CPU
		{D548955C-A963-4A92-BA34-C139CB84164A}.Debug|Any CPU.Build.0 = Debug|Any CPU
		{D548955C-A963-4A92-BA34-C139CB84164A}.Release|Any CPU.ActiveCfg = Release|Any CPU
		{D548955C-A963-4A92-BA34-C139CB84164A}.Release|Any CPU.Build.0 = Release|Any CPU
		{94E4D0BF-A8CE-495E-A5AD-C2A2D9239AD2}.Debug|Any CPU.ActiveCfg = Debug|Any CPU
		{94E4D0BF-A8CE-495E-A5AD-C2A2D9239AD2}.Debug|Any CPU.Build.0 = Debug|Any CPU
		{94E4D0BF-A8CE-495E-A5AD-C2A2D9239AD2}.Release|Any CPU.ActiveCfg = Release|Any CPU
		{94E4D0BF-A8CE-495E-A5AD-C2A2D9239AD2}.Release|Any CPU.Build.0 = Release|Any CPU
	EndGlobalSection
	GlobalSection(SolutionProperties) = preSolution
		HideSolutionNode = FALSE
	EndGlobalSection
	GlobalSection(ExtensibilityGlobals) = postSolution
		SolutionGuid = {AAD1FEED-8FB7-41F9-B149-74B4958393C8}
	EndGlobalSection
EndGlobal
